
Microsoft Visual Studio Solution File, Format Version 12.00
# Visual Studio Version 17
VisualStudioVersion = 17.0.31903.59
MinimumVisualStudioVersion = 10.0.40219.1
Project("{FAE04EC0-301F-11D3-BF4B-00C04F79EFBC}") = "ECommerce.OrderService.Domain", "ECommerce.OrderService.Domain\ECommerce.OrderService.Domain.csproj", "{A2F7852F-2E0A-4B27-AF01-E8830BEEB013}"
EndProject
Project("{FAE04EC0-301F-11D3-BF4B-00C04F79EFBC}") = "ECommerce.OrderService.Application", "ECommerce.OrderService.Application\ECommerce.OrderService.Application.csproj", "{C36AFAD0-8706-4E44-88FC-CE2A25C0CF95}"
EndProject
Project("{FAE04EC0-301F-11D3-BF4B-00C04F79EFBC}") = "ECommerce.OrderService.Infrastructure", "ECommerce.OrderService.Infrastructure\ECommerce.OrderService.Infrastructure.csproj", "{B083F286-F88C-4587-B396-7E7D1BAA5F49}"
EndProject
Project("{FAE04EC0-301F-11D3-BF4B-00C04F79EFBC}") = "ECommerce.OrderService.Api", "ECommerce.OrderService.Api\ECommerce.OrderService.Api.csproj", "{F49EAD4A-4FF8-400C-96D1-ED8AF25CF4BA}"
EndProject
Project("{FAE04EC0-301F-11D3-BF4B-00C04F79EFBC}") = "ECommerce.OrderService.Tests", "ECommerce.OrderService.Tests\ECommerce.OrderService.Tests.csproj", "{62DF1AEC-E581-4EF8-AC8A-843B531C8E25}"
EndProject
Global
	GlobalSection(SolutionConfigurationPlatforms) = preSolution
		Debug|Any CPU = Debug|Any CPU
		Debug|x64 = Debug|x64
		Debug|x86 = Debug|x86
		Release|Any CPU = Release|Any CPU
		Release|x64 = Release|x64
		Release|x86 = Release|x86
	EndGlobalSection
	GlobalSection(ProjectConfigurationPlatforms) = postSolution
		{A2F7852F-2E0A-4B27-AF01-E8830BEEB013}.Debug|Any CPU.ActiveCfg = Debug|Any CPU
		{A2F7852F-2E0A-4B27-AF01-E8830BEEB013}.Debug|Any CPU.Build.0 = Debug|Any CPU
		{A2F7852F-2E0A-4B27-AF01-E8830BEEB013}.Debug|x64.ActiveCfg = Debug|Any CPU
		{A2F7852F-2E0A-4B27-AF01-E8830BEEB013}.Debug|x64.Build.0 = Debug|Any CPU
		{A2F7852F-2E0A-4B27-AF01-E8830BEEB013}.Debug|x86.ActiveCfg = Debug|Any CPU
		{A2F7852F-2E0A-4B27-AF01-E8830BEEB013}.Debug|x86.Build.0 = Debug|Any CPU
		{A2F7852F-2E0A-4B27-AF01-E8830BEEB013}.Release|Any CPU.ActiveCfg = Release|Any CPU
		{A2F7852F-2E0A-4B27-AF01-E8830BEEB013}.Release|Any CPU.Build.0 = Release|Any CPU
		{A2F7852F-2E0A-4B27-AF01-E8830BEEB013}.Release|x64.ActiveCfg = Release|Any CPU
		{A2F7852F-2E0A-4B27-AF01-E8830BEEB013}.Release|x64.Build.0 = Release|Any CPU
		{A2F7852F-2E0A-4B27-AF01-E8830BEEB013}.Release|x86.ActiveCfg = Release|Any CPU
		{A2F7852F-2E0A-4B27-AF01-E8830BEEB013}.Release|x86.Build.0 = Release|Any CPU
		{C36AFAD0-8706-4E44-88FC-CE2A25C0CF95}.Debug|Any CPU.ActiveCfg = Debug|Any CPU
		{C36AFAD0-8706-4E44-88FC-CE2A25C0CF95}.Debug|Any CPU.Build.0 = Debug|Any CPU
		{C36AFAD0-8706-4E44-88FC-CE2A25C0CF95}.Debug|x64.ActiveCfg = Debug|Any CPU
		{C36AFAD0-8706-4E44-88FC-CE2A25C0CF95}.Debug|x64.Build.0 = Debug|Any CPU
		{C36AFAD0-8706-4E44-88FC-CE2A25C0CF95}.Debug|x86.ActiveCfg = Debug|Any CPU
		{C36AFAD0-8706-4E44-88FC-CE2A25C0CF95}.Debug|x86.Build.0 = Debug|Any CPU
		{C36AFAD0-8706-4E44-88FC-CE2A25C0CF95}.Release|Any CPU.ActiveCfg = Release|Any CPU
		{C36AFAD0-8706-4E44-88FC-CE2A25C0CF95}.Release|Any CPU.Build.0 = Release|Any CPU
		{C36AFAD0-8706-4E44-88FC-CE2A25C0CF95}.Release|x64.ActiveCfg = Release|Any CPU
		{C36AFAD0-8706-4E44-88FC-CE2A25C0CF95}.Release|x64.Build.0 = Release|Any CPU
		{C36AFAD0-8706-4E44-88FC-CE2A25C0CF95}.Release|x86.ActiveCfg = Release|Any CPU
		{C36AFAD0-8706-4E44-88FC-CE2A25C0CF95}.Release|x86.Build.0 = Release|Any CPU
		{B083F286-F88C-4587-B396-7E7D1BAA5F49}.Debug|Any CPU.ActiveCfg = Debug|Any CPU
		{B083F286-F88C-4587-B396-7E7D1BAA5F49}.Debug|Any CPU.Build.0 = Debug|Any CPU
		{B083F286-F88C-4587-B396-7E7D1BAA5F49}.Debug|x64.ActiveCfg = Debug|Any CPU
		{B083F286-F88C-4587-B396-7E7D1BAA5F49}.Debug|x64.Build.0 = Debug|Any CPU
		{B083F286-F88C-4587-B396-7E7D1BAA5F49}.Debug|x86.ActiveCfg = Debug|Any CPU
		{B083F286-F88C-4587-B396-7E7D1BAA5F49}.Debug|x86.Build.0 = Debug|Any CPU
		{B083F286-F88C-4587-B396-7E7D1BAA5F49}.Release|Any CPU.ActiveCfg = Release|Any CPU
		{B083F286-F88C-4587-B396-7E7D1BAA5F49}.Release|Any CPU.Build.0 = Release|Any CPU
		{B083F286-F88C-4587-B396-7E7D1BAA5F49}.Release|x64.ActiveCfg = Release|Any CPU
		{B083F286-F88C-4587-B396-7E7D1BAA5F49}.Release|x64.Build.0 = Release|Any CPU
		{B083F286-F88C-4587-B396-7E7D1BAA5F49}.Release|x86.ActiveCfg = Release|Any CPU
		{B083F286-F88C-4587-B396-7E7D1BAA5F49}.Release|x86.Build.0 = Release|Any CPU
		{F49EAD4A-4FF8-400C-96D1-ED8AF25CF4BA}.Debug|Any CPU.ActiveCfg = Debug|Any CPU
		{F49EAD4A-4FF8-400C-96D1-ED8AF25CF4BA}.Debug|Any CPU.Build.0 = Debug|Any CPU
		{F49EAD4A-4FF8-400C-96D1-ED8AF25CF4BA}.Debug|x64.ActiveCfg = Debug|Any CPU
		{F49EAD4A-4FF8-400C-96D1-ED8AF25CF4BA}.Debug|x64.Build.0 = Debug|Any CPU
		{F49EAD4A-4FF8-400C-96D1-ED8AF25CF4BA}.Debug|x86.ActiveCfg = Debug|Any CPU
		{F49EAD4A-4FF8-400C-96D1-ED8AF25CF4BA}.Debug|x86.Build.0 = Debug|Any CPU
		{F49EAD4A-4FF8-400C-96D1-ED8AF25CF4BA}.Release|Any CPU.ActiveCfg = Release|Any CPU
		{F49EAD4A-4FF8-400C-96D1-ED8AF25CF4BA}.Release|Any CPU.Build.0 = Release|Any CPU
		{F49EAD4A-4FF8-400C-96D1-ED8AF25CF4BA}.Release|x64.ActiveCfg = Release|Any CPU
		{F49EAD4A-4FF8-400C-96D1-ED8AF25CF4BA}.Release|x64.Build.0 = Release|Any CPU
		{F49EAD4A-4FF8-400C-96D1-ED8AF25CF4BA}.Release|x86.ActiveCfg = Release|Any CPU
		{F49EAD4A-4FF8-400C-96D1-ED8AF25CF4BA}.Release|x86.Build.0 = Release|Any CPU
		{62DF1AEC-E581-4EF8-AC8A-843B531C8E25}.Debug|Any CPU.ActiveCfg = Debug|Any CPU
		{62DF1AEC-E581-4EF8-AC8A-843B531C8E25}.Debug|Any CPU.Build.0 = Debug|Any CPU
		{62DF1AEC-E581-4EF8-AC8A-843B531C8E25}.Debug|x64.ActiveCfg = Debug|Any CPU
		{62DF1AEC-E581-4EF8-AC8A-843B531C8E25}.Debug|x64.Build.0 = Debug|Any CPU
		{62DF1AEC-E581-4EF8-AC8A-843B531C8E25}.Debug|x86.ActiveCfg = Debug|Any CPU
		{62DF1AEC-E581-4EF8-AC8A-843B531C8E25}.Debug|x86.Build.0 = Debug|Any CPU
		{62DF1AEC-E581-4EF8-AC8A-843B531C8E25}.Release|Any CPU.ActiveCfg = Release|Any CPU
		{62DF1AEC-E581-4EF8-AC8A-843B531C8E25}.Release|Any CPU.Build.0 = Release|Any CPU
		{62DF1AEC-E581-4EF8-AC8A-843B531C8E25}.Release|x64.ActiveCfg = Release|Any CPU
		{62DF1AEC-E581-4EF8-AC8A-843B531C8E25}.Release|x64.Build.0 = Release|Any CPU
		{62DF1AEC-E581-4EF8-AC8A-843B531C8E25}.Release|x86.ActiveCfg = Release|Any CPU
		{62DF1AEC-E581-4EF8-AC8A-843B531C8E25}.Release|x86.Build.0 = Release|Any CPU
	EndGlobalSection
	GlobalSection(SolutionProperties) = preSolution
		HideSolutionNode = FALSE
	EndGlobalSection
EndGlobal
